
Microsoft Visual Studio Solution File, Format Version 12.00
# Visual Studio Version 16
VisualStudioVersion = 16.0.30002.166
MinimumVisualStudioVersion = 10.0.40219.1
Project("{FAE04EC0-301F-11D3-BF4B-00C04F79EFBC}") = "DisableSmoothCamera", "DisableSmoothCamera\DisableSmoothCamera.csproj", "{0844FB86-D047-4F5A-87B6-7640E8F47728}"
EndProject
Global
	GlobalSection(SolutionConfigurationPlatforms) = preSolution
		Debug|Any CPU = Debug|Any CPU
		Release|Any CPU = Release|Any CPU
	EndGlobalSection
	GlobalSection(ProjectConfigurationPlatforms) = postSolution
		{0844FB86-D047-4F5A-87B6-7640E8F47728}.Debug|Any CPU.ActiveCfg = Debug|Any CPU
		{0844FB86-D047-4F5A-87B6-7640E8F47728}.Debug|Any CPU.Build.0 = Debug|Any CPU
		{0844FB86-D047-4F5A-87B6-7640E8F47728}.Release|Any CPU.ActiveCfg = Release|Any CPU
		{0844FB86-D047-4F5A-87B6-7640E8F47728}.Release|Any CPU.Build.0 = Release|Any CPU
	EndGlobalSection
	GlobalSection(SolutionProperties) = preSolution
		HideSolutionNode = FALSE
	EndGlobalSection
	GlobalSection(ExtensibilityGlobals) = postSolution
		SolutionGuid = {A00BFFDB-A805-49E3-A82C-C4A05AA27D86}
	EndGlobalSection
EndGlobal
